
Microsoft Visual Studio Solution File, Format Version 12.00
# Visual Studio Version 17
VisualStudioVersion = 17.9.34622.214
MinimumVisualStudioVersion = 10.0.40219.1
Project("{2150E333-8FDC-42A3-9474-1A3956D46DE8}") = "src", "src", "{A7126B04-9DD2-48B0-9832-5A71AC005C7E}"
EndProject
Project("{2150E333-8FDC-42A3-9474-1A3956D46DE8}") = "test", "test", "{4F98A637-EC09-4C74-9C3C-341DC2971D6F}"
EndProject
Project("{E53339B2-1760-4266-BCC7-CA923CBCF16C}") = "docker-compose", "docker-compose.dcproj", "{16692F92-B266-4931-9EEF-FFFB0011AB6C}"
EndProject
Project("{9A19103F-16F7-4668-BE54-9A1E7A4F7556}") = "Shelter.Api", "src\Shelter.Api\Shelter.Api.csproj", "{62F3E295-C607-40CB-8413-0E41F9C795D2}"
EndProject
Project("{9A19103F-16F7-4668-BE54-9A1E7A4F7556}") = "Shelter.Application", "src\Shelter.Application\Shelter.Application.csproj", "{7333D0AF-A96B-437D-8A59-1FCB56B8CE23}"
EndProject
Project("{9A19103F-16F7-4668-BE54-9A1E7A4F7556}") = "Shelter.Domain", "src\Shelter.Domain\Shelter.Domain.csproj", "{9FA0CE19-8946-412B-8460-9DEDC3657596}"
EndProject
Project("{9A19103F-16F7-4668-BE54-9A1E7A4F7556}") = "Shelter.Infrastructure", "src\Shelter.Infrastructure\Shelter.Infrastructure.csproj", "{38A69D93-A833-456C-8EFF-DD8A97CD811B}"
EndProject
Project("{2150E333-8FDC-42A3-9474-1A3956D46DE8}") = "Core", "Core", "{810C8377-4425-4D59-8538-321359409998}"
EndProject
Project("{2150E333-8FDC-42A3-9474-1A3956D46DE8}") = "API", "API", "{5EFDD5A9-050C-49F0-A1DC-B095F224C5C0}"
EndProject
Project("{2150E333-8FDC-42A3-9474-1A3956D46DE8}") = "Infrastructure", "Infrastructure", "{664525BC-8BDD-4B6C-9F2D-E69376CB9048}"
EndProject
Project("{2150E333-8FDC-42A3-9474-1A3956D46DE8}") = "UI", "UI", "{BB776BDC-EEFA-41FA-9082-8B87D1FDBB07}"
EndProject
Project("{2150E333-8FDC-42A3-9474-1A3956D46DE8}") = "Solution Items", "Solution Items", "{9E81B3BB-C9AF-4F9F-97EC-CD230AF995CC}"
	ProjectSection(SolutionItems) = preProject
		Directory.Packages.props = Directory.Packages.props
	EndProjectSection
EndProject
Project("{9A19103F-16F7-4668-BE54-9A1E7A4F7556}") = "Shelter.Persistence", "src\Shelter.Persistence\Shelter.Persistence.csproj", "{ED056A4F-D42E-4EEF-8B62-034F6590C632}"
EndProject
Project("{9A19103F-16F7-4668-BE54-9A1E7A4F7556}") = "Shelter.Auth.Keycloak", "src\Shelter.Auth.Keycloak\Shelter.Auth.Keycloak.csproj", "{813FC4E1-1B00-4091-8FC9-90CA17D2A554}"
EndProject
Project("{9A19103F-16F7-4668-BE54-9A1E7A4F7556}") = "Shelter.BackgroundJobs", "src\Shelter.BackgroundJobs\Shelter.BackgroundJobs.csproj", "{CB555803-F0EE-45F1-91CC-062BBC19C6AE}"
EndProject
Project("{9A19103F-16F7-4668-BE54-9A1E7A4F7556}") = "Shelter.Domain.UnitTests", "test\Shelter.Domain.Tests\Shelter.Domain.UnitTests.csproj", "{57B42E7E-1582-4CBF-92DA-0C0B7708B3F0}"
EndProject
Project("{FAE04EC0-301F-11D3-BF4B-00C04F79EFBC}") = "Shelter.Application.UnitTests", "test\Shelter.Application.UnitTests\Shelter.Application.UnitTests.csproj", "{F4DF26DA-D00F-43B6-B95C-403CAE98F691}"
EndProject
Project("{FAE04EC0-301F-11D3-BF4B-00C04F79EFBC}") = "Shelter.Application.IntegrationTests", "test\Shelter.Applicaton.IntegrationTests\Shelter.Application.IntegrationTests.csproj", "{A1BDBA0A-0401-4D6C-9E10-D21CD9AF3DAB}"
EndProject
Project("{FAE04EC0-301F-11D3-BF4B-00C04F79EFBC}") = "Shelter.Api.FunctionalTests", "test\Shelter.Api.FunctionalTests\Shelter.Api.FunctionalTests.csproj", "{9606DBBA-029D-4735-B8F0-2B938383F68B}"
EndProject
Project("{FAE04EC0-301F-11D3-BF4B-00C04F79EFBC}") = "Shelter.ArchitecureTests", "src\Shelter.ArchitecureTests\Shelter.ArchitecureTests.csproj", "{3376D881-3270-43AC-B0FB-8455D3618A7D}"
EndProject
Global
	GlobalSection(SolutionConfigurationPlatforms) = preSolution
		Debug|Any CPU = Debug|Any CPU
		Release|Any CPU = Release|Any CPU
	EndGlobalSection
	GlobalSection(ProjectConfigurationPlatforms) = postSolution
		{16692F92-B266-4931-9EEF-FFFB0011AB6C}.Debug|Any CPU.ActiveCfg = Debug|Any CPU
		{16692F92-B266-4931-9EEF-FFFB0011AB6C}.Debug|Any CPU.Build.0 = Debug|Any CPU
		{16692F92-B266-4931-9EEF-FFFB0011AB6C}.Release|Any CPU.ActiveCfg = Release|Any CPU
		{16692F92-B266-4931-9EEF-FFFB0011AB6C}.Release|Any CPU.Build.0 = Release|Any CPU
		{62F3E295-C607-40CB-8413-0E41F9C795D2}.Debug|Any CPU.ActiveCfg = Debug|Any CPU
		{62F3E295-C607-40CB-8413-0E41F9C795D2}.Debug|Any CPU.Build.0 = Debug|Any CPU
		{62F3E295-C607-40CB-8413-0E41F9C795D2}.Release|Any CPU.ActiveCfg = Release|Any CPU
		{62F3E295-C607-40CB-8413-0E41F9C795D2}.Release|Any CPU.Build.0 = Release|Any CPU
		{7333D0AF-A96B-437D-8A59-1FCB56B8CE23}.Debug|Any CPU.ActiveCfg = Debug|Any CPU
		{7333D0AF-A96B-437D-8A59-1FCB56B8CE23}.Debug|Any CPU.Build.0 = Debug|Any CPU
		{7333D0AF-A96B-437D-8A59-1FCB56B8CE23}.Release|Any CPU.ActiveCfg = Release|Any CPU
		{7333D0AF-A96B-437D-8A59-1FCB56B8CE23}.Release|Any CPU.Build.0 = Release|Any CPU
		{9FA0CE19-8946-412B-8460-9DEDC3657596}.Debug|Any CPU.ActiveCfg = Debug|Any CPU
		{9FA0CE19-8946-412B-8460-9DEDC3657596}.Debug|Any CPU.Build.0 = Debug|Any CPU
		{9FA0CE19-8946-412B-8460-9DEDC3657596}.Release|Any CPU.ActiveCfg = Release|Any CPU
		{9FA0CE19-8946-412B-8460-9DEDC3657596}.Release|Any CPU.Build.0 = Release|Any CPU
		{38A69D93-A833-456C-8EFF-DD8A97CD811B}.Debug|Any CPU.ActiveCfg = Debug|Any CPU
		{38A69D93-A833-456C-8EFF-DD8A97CD811B}.Debug|Any CPU.Build.0 = Debug|Any CPU
		{38A69D93-A833-456C-8EFF-DD8A97CD811B}.Release|Any CPU.ActiveCfg = Release|Any CPU
		{38A69D93-A833-456C-8EFF-DD8A97CD811B}.Release|Any CPU.Build.0 = Release|Any CPU
		{ED056A4F-D42E-4EEF-8B62-034F6590C632}.Debug|Any CPU.ActiveCfg = Debug|Any CPU
		{ED056A4F-D42E-4EEF-8B62-034F6590C632}.Debug|Any CPU.Build.0 = Debug|Any CPU
		{ED056A4F-D42E-4EEF-8B62-034F6590C632}.Release|Any CPU.ActiveCfg = Release|Any CPU
		{ED056A4F-D42E-4EEF-8B62-034F6590C632}.Release|Any CPU.Build.0 = Release|Any CPU
		{813FC4E1-1B00-4091-8FC9-90CA17D2A554}.Debug|Any CPU.ActiveCfg = Debug|Any CPU
		{813FC4E1-1B00-4091-8FC9-90CA17D2A554}.Debug|Any CPU.Build.0 = Debug|Any CPU
		{813FC4E1-1B00-4091-8FC9-90CA17D2A554}.Release|Any CPU.ActiveCfg = Release|Any CPU
		{813FC4E1-1B00-4091-8FC9-90CA17D2A554}.Release|Any CPU.Build.0 = Release|Any CPU
		{CB555803-F0EE-45F1-91CC-062BBC19C6AE}.Debug|Any CPU.ActiveCfg = Debug|Any CPU
		{CB555803-F0EE-45F1-91CC-062BBC19C6AE}.Debug|Any CPU.Build.0 = Debug|Any CPU
		{CB555803-F0EE-45F1-91CC-062BBC19C6AE}.Release|Any CPU.ActiveCfg = Release|Any CPU
		{CB555803-F0EE-45F1-91CC-062BBC19C6AE}.Release|Any CPU.Build.0 = Release|Any CPU
		{57B42E7E-1582-4CBF-92DA-0C0B7708B3F0}.Debug|Any CPU.ActiveCfg = Debug|Any CPU
		{57B42E7E-1582-4CBF-92DA-0C0B7708B3F0}.Debug|Any CPU.Build.0 = Debug|Any CPU
		{57B42E7E-1582-4CBF-92DA-0C0B7708B3F0}.Release|Any CPU.ActiveCfg = Release|Any CPU
		{57B42E7E-1582-4CBF-92DA-0C0B7708B3F0}.Release|Any CPU.Build.0 = Release|Any CPU
		{F4DF26DA-D00F-43B6-B95C-403CAE98F691}.Debug|Any CPU.ActiveCfg = Debug|Any CPU
		{F4DF26DA-D00F-43B6-B95C-403CAE98F691}.Debug|Any CPU.Build.0 = Debug|Any CPU
		{F4DF26DA-D00F-43B6-B95C-403CAE98F691}.Release|Any CPU.ActiveCfg = Release|Any CPU
		{F4DF26DA-D00F-43B6-B95C-403CAE98F691}.Release|Any CPU.Build.0 = Release|Any CPU
		{A1BDBA0A-0401-4D6C-9E10-D21CD9AF3DAB}.Debug|Any CPU.ActiveCfg = Debug|Any CPU
		{A1BDBA0A-0401-4D6C-9E10-D21CD9AF3DAB}.Debug|Any CPU.Build.0 = Debug|Any CPU
		{A1BDBA0A-0401-4D6C-9E10-D21CD9AF3DAB}.Release|Any CPU.ActiveCfg = Release|Any CPU
		{A1BDBA0A-0401-4D6C-9E10-D21CD9AF3DAB}.Release|Any CPU.Build.0 = Release|Any CPU
		{9606DBBA-029D-4735-B8F0-2B938383F68B}.Debug|Any CPU.ActiveCfg = Debug|Any CPU
		{9606DBBA-029D-4735-B8F0-2B938383F68B}.Debug|Any CPU.Build.0 = Debug|Any CPU
		{9606DBBA-029D-4735-B8F0-2B938383F68B}.Release|Any CPU.ActiveCfg = Release|Any CPU
		{9606DBBA-029D-4735-B8F0-2B938383F68B}.Release|Any CPU.Build.0 = Release|Any CPU
		{3376D881-3270-43AC-B0FB-8455D3618A7D}.Debug|Any CPU.ActiveCfg = Debug|Any CPU
		{3376D881-3270-43AC-B0FB-8455D3618A7D}.Debug|Any CPU.Build.0 = Debug|Any CPU
		{3376D881-3270-43AC-B0FB-8455D3618A7D}.Release|Any CPU.ActiveCfg = Release|Any CPU
		{3376D881-3270-43AC-B0FB-8455D3618A7D}.Release|Any CPU.Build.0 = Release|Any CPU
	EndGlobalSection
	GlobalSection(SolutionProperties) = preSolution
		HideSolutionNode = FALSE
	EndGlobalSection
	GlobalSection(NestedProjects) = preSolution
		{62F3E295-C607-40CB-8413-0E41F9C795D2} = {5EFDD5A9-050C-49F0-A1DC-B095F224C5C0}
		{7333D0AF-A96B-437D-8A59-1FCB56B8CE23} = {810C8377-4425-4D59-8538-321359409998}
		{9FA0CE19-8946-412B-8460-9DEDC3657596} = {810C8377-4425-4D59-8538-321359409998}
		{38A69D93-A833-456C-8EFF-DD8A97CD811B} = {664525BC-8BDD-4B6C-9F2D-E69376CB9048}
		{810C8377-4425-4D59-8538-321359409998} = {A7126B04-9DD2-48B0-9832-5A71AC005C7E}
		{5EFDD5A9-050C-49F0-A1DC-B095F224C5C0} = {A7126B04-9DD2-48B0-9832-5A71AC005C7E}
		{664525BC-8BDD-4B6C-9F2D-E69376CB9048} = {A7126B04-9DD2-48B0-9832-5A71AC005C7E}
		{BB776BDC-EEFA-41FA-9082-8B87D1FDBB07} = {A7126B04-9DD2-48B0-9832-5A71AC005C7E}
		{ED056A4F-D42E-4EEF-8B62-034F6590C632} = {664525BC-8BDD-4B6C-9F2D-E69376CB9048}
		{813FC4E1-1B00-4091-8FC9-90CA17D2A554} = {664525BC-8BDD-4B6C-9F2D-E69376CB9048}
		{CB555803-F0EE-45F1-91CC-062BBC19C6AE} = {664525BC-8BDD-4B6C-9F2D-E69376CB9048}
		{57B42E7E-1582-4CBF-92DA-0C0B7708B3F0} = {4F98A637-EC09-4C74-9C3C-341DC2971D6F}
		{F4DF26DA-D00F-43B6-B95C-403CAE98F691} = {4F98A637-EC09-4C74-9C3C-341DC2971D6F}
		{A1BDBA0A-0401-4D6C-9E10-D21CD9AF3DAB} = {4F98A637-EC09-4C74-9C3C-341DC2971D6F}
		{9606DBBA-029D-4735-B8F0-2B938383F68B} = {4F98A637-EC09-4C74-9C3C-341DC2971D6F}
		{3376D881-3270-43AC-B0FB-8455D3618A7D} = {4F98A637-EC09-4C74-9C3C-341DC2971D6F}
	EndGlobalSection
	GlobalSection(ExtensibilityGlobals) = postSolution
		SolutionGuid = {E82B6CE5-A654-4798-96DB-89021A815238}
	EndGlobalSection
EndGlobal
